
Microsoft Visual Studio Solution File, Format Version 12.00
# Visual Studio Version 17
VisualStudioVersion = 17.5.002.0
MinimumVisualStudioVersion = 10.0.40219.1
Project("{9A19103F-16F7-4668-BE54-9A1E7A4F7556}") = "CV09", "CV09.csproj", "{3FD2F9A4-FCC5-43DC-A39A-11775D397306}"
EndProject
Global
	GlobalSection(SolutionConfigurationPlatforms) = preSolution
		Debug|Any CPU = Debug|Any CPU
		Release|Any CPU = Release|Any CPU
	EndGlobalSection
	GlobalSection(ProjectConfigurationPlatforms) = postSolution
		{3FD2F9A4-FCC5-43DC-A39A-11775D397306}.Debug|Any CPU.ActiveCfg = Debug|Any CPU
		{3FD2F9A4-FCC5-43DC-A39A-11775D397306}.Debug|Any CPU.Build.0 = Debug|Any CPU
		{3FD2F9A4-FCC5-43DC-A39A-11775D397306}.Release|Any CPU.ActiveCfg = Release|Any CPU
		{3FD2F9A4-FCC5-43DC-A39A-11775D397306}.Release|Any CPU.Build.0 = Release|Any CPU
	EndGlobalSection
	GlobalSection(SolutionProperties) = preSolution
		HideSolutionNode = FALSE
	EndGlobalSection
	GlobalSection(ExtensibilityGlobals) = postSolution
		SolutionGuid = {168A9360-8549-47AC-925B-D16734818455}
	EndGlobalSection
EndGlobal
